
Microsoft Visual Studio Solution File, Format Version 12.00
# Visual Studio Version 16
VisualStudioVersion = 16.0.29009.5
MinimumVisualStudioVersion = 10.0.40219.1
Project("{FAE04EC0-301F-11D3-BF4B-00C04F79EFBC}") = "MonicaExtraWeb", "MonicaExtraWeb\MonicaExtraWeb.csproj", "{2D313125-6F29-4AB8-A557-1DE7408F5A68}"
EndProject
Global
	GlobalSection(SolutionConfigurationPlatforms) = preSolution
		Debug|Any CPU = Debug|Any CPU
		Release|Any CPU = Release|Any CPU
	EndGlobalSection
	GlobalSection(ProjectConfigurationPlatforms) = postSolution
		{2D313125-6F29-4AB8-A557-1DE7408F5A68}.Debug|Any CPU.ActiveCfg = Debug|Any CPU
		{2D313125-6F29-4AB8-A557-1DE7408F5A68}.Debug|Any CPU.Build.0 = Debug|Any CPU
		{2D313125-6F29-4AB8-A557-1DE7408F5A68}.Release|Any CPU.ActiveCfg = Release|Any CPU
		{2D313125-6F29-4AB8-A557-1DE7408F5A68}.Release|Any CPU.Build.0 = Release|Any CPU
	EndGlobalSection
	GlobalSection(SolutionProperties) = preSolution
		HideSolutionNode = FALSE
	EndGlobalSection
	GlobalSection(ExtensibilityGlobals) = postSolution
		SolutionGuid = {4DFB265C-FD45-477C-B68D-F3346EB1E971}
	EndGlobalSection
EndGlobal
